
Microsoft Visual Studio Solution File, Format Version 12.00
# Visual Studio 15
VisualStudioVersion = 15.0.28307.852
MinimumVisualStudioVersion = 10.0.40219.1
Project("{FAE04EC0-301F-11D3-BF4B-00C04F79EFBC}") = "bluelime", "bluelime\bluelime.csproj", "{DCC50973-2B73-4E26-9BA0-15A8B73EEC10}"
EndProject
Global
	GlobalSection(SolutionConfigurationPlatforms) = preSolution
		Debug|Any CPU = Debug|Any CPU
		Release|Any CPU = Release|Any CPU
	EndGlobalSection
	GlobalSection(ProjectConfigurationPlatforms) = postSolution
		{DCC50973-2B73-4E26-9BA0-15A8B73EEC10}.Debug|Any CPU.ActiveCfg = Debug|Any CPU
		{DCC50973-2B73-4E26-9BA0-15A8B73EEC10}.Debug|Any CPU.Build.0 = Debug|Any CPU
		{DCC50973-2B73-4E26-9BA0-15A8B73EEC10}.Release|Any CPU.ActiveCfg = Release|Any CPU
		{DCC50973-2B73-4E26-9BA0-15A8B73EEC10}.Release|Any CPU.Build.0 = Release|Any CPU
	EndGlobalSection
	GlobalSection(SolutionProperties) = preSolution
		HideSolutionNode = FALSE
	EndGlobalSection
	GlobalSection(ExtensibilityGlobals) = postSolution
		SolutionGuid = {957E7078-103A-4E8B-98BD-CE782BACC0B3}
	EndGlobalSection
EndGlobal
