
Microsoft Visual Studio Solution File, Format Version 12.00
# Visual Studio 15
VisualStudioVersion = 15.0.28307.852
MinimumVisualStudioVersion = 10.0.40219.1
Project("{FAE04EC0-301F-11D3-BF4B-00C04F79EFBC}") = "MyScreenSaver", "MyScreenSaver\MyScreenSaver.csproj", "{EB69E10E-FDCC-4F2F-8645-18C51F0F4C3B}"
EndProject
Global
	GlobalSection(SolutionConfigurationPlatforms) = preSolution
		Debug|Any CPU = Debug|Any CPU
		Release|Any CPU = Release|Any CPU
	EndGlobalSection
	GlobalSection(ProjectConfigurationPlatforms) = postSolution
		{EB69E10E-FDCC-4F2F-8645-18C51F0F4C3B}.Debug|Any CPU.ActiveCfg = Debug|Any CPU
		{EB69E10E-FDCC-4F2F-8645-18C51F0F4C3B}.Debug|Any CPU.Build.0 = Debug|Any CPU
		{EB69E10E-FDCC-4F2F-8645-18C51F0F4C3B}.Release|Any CPU.ActiveCfg = Release|Any CPU
		{EB69E10E-FDCC-4F2F-8645-18C51F0F4C3B}.Release|Any CPU.Build.0 = Release|Any CPU
	EndGlobalSection
	GlobalSection(SolutionProperties) = preSolution
		HideSolutionNode = FALSE
	EndGlobalSection
	GlobalSection(ExtensibilityGlobals) = postSolution
		SolutionGuid = {CE85550A-2B34-4A9B-BAEA-A2965FD787CB}
	EndGlobalSection
EndGlobal
